// !$*UTF8*$!
{
	archiveVersion = 1;
	classes = {
	};
	objectVersion = 46;
	objects = {

/* Begin PBXBuildFile section */
		607FACD61AFB9204008FA782 /* AppDelegate.swift in Sources */ = {isa = PBXBuildFile; fileRef = 607FACD51AFB9204008FA782 /* AppDelegate.swift */; };
		607FACD81AFB9204008FA782 /* ViewController.swift in Sources */ = {isa = PBXBuildFile; fileRef = 607FACD71AFB9204008FA782 /* ViewController.swift */; };
		607FACDB1AFB9204008FA782 /* Main.storyboard in Resources */ = {isa = PBXBuildFile; fileRef = 607FACD91AFB9204008FA782 /* Main.storyboard */; };
		607FACDD1AFB9204008FA782 /* Images.xcassets in Resources */ = {isa = PBXBuildFile; fileRef = 607FACDC1AFB9204008FA782 /* Images.xcassets */; };
		607FACE01AFB9204008FA782 /* LaunchScreen.xib in Resources */ = {isa = PBXBuildFile; fileRef = 607FACDE1AFB9204008FA782 /* LaunchScreen.xib */; };
		7094FF757FEE62CF939A43F7 /* Pods_KHSegmented_ExampleTests.framework in Frameworks */ = {isa = PBXBuildFile; fileRef = 990A2A9F0494F0946664B5B0 /* Pods_KHSegmented_ExampleTests.framework */; };
		BEBFE5DA21A161C200BD21AF /* TestTableViewController.swift in Sources */ = {isa = PBXBuildFile; fileRef = BEBFE5D921A161C200BD21AF /* TestTableViewController.swift */; };
		BEBFE5E221A16EA300BD21AF /* KHSegmented_ExampleTests.swift in Sources */ = {isa = PBXBuildFile; fileRef = BEBFE5E121A16EA300BD21AF /* KHSegmented_ExampleTests.swift */; };
		C86D722913B5C5C8DC4D5466 /* Pods_KHSegmented_Example.framework in Frameworks */ = {isa = PBXBuildFile; fileRef = 65B81357E70ECB838CE22154 /* Pods_KHSegmented_Example.framework */; };
/* End PBXBuildFile section */

/* Begin PBXContainerItemProxy section */
		BEBFE5E421A16EA300BD21AF /* PBXContainerItemProxy */ = {
			isa = PBXContainerItemProxy;
			containerPortal = 607FACC81AFB9204008FA782 /* Project object */;
			proxyType = 1;
			remoteGlobalIDString = 607FACCF1AFB9204008FA782;
			remoteInfo = KHSegmented_Example;
		};
/* End PBXContainerItemProxy section */

/* Begin PBXFileReference section */
		08AB2E5F3D2763821620891E /* Pods-KHSegmented_ExampleTests.release.xcconfig */ = {isa = PBXFileReference; includeInIndex = 1; lastKnownFileType = text.xcconfig; name = "Pods-KHSegmented_ExampleTests.release.xcconfig"; path = "Pods/Target Support Files/Pods-KHSegmented_ExampleTests/Pods-KHSegmented_ExampleTests.release.xcconfig"; sourceTree = "<group>"; };
		133926CBAF21672E27B837C9 /* Pods_KHSegmented_Tests.framework */ = {isa = PBXFileReference; explicitFileType = wrapper.framework; includeInIndex = 0; path = Pods_KHSegmented_Tests.framework; sourceTree = BUILT_PRODUCTS_DIR; };
		3E695EEAA93A1DAA6A2443CB /* LICENSE */ = {isa = PBXFileReference; includeInIndex = 1; lastKnownFileType = text; name = LICENSE; path = ../LICENSE; sourceTree = "<group>"; };
		40F3D04EAD59FAF05F0A6BC0 /* Pods-KHSegmented_Example.release.xcconfig */ = {isa = PBXFileReference; includeInIndex = 1; lastKnownFileType = text.xcconfig; name = "Pods-KHSegmented_Example.release.xcconfig"; path = "Pods/Target Support Files/Pods-KHSegmented_Example/Pods-KHSegmented_Example.release.xcconfig"; sourceTree = "<group>"; };
		465720205BC1420A40EF773A /* Pods-KHSegmented_Example.debug.xcconfig */ = {isa = PBXFileReference; includeInIndex = 1; lastKnownFileType = text.xcconfig; name = "Pods-KHSegmented_Example.debug.xcconfig"; path = "Pods/Target Support Files/Pods-KHSegmented_Example/Pods-KHSegmented_Example.debug.xcconfig"; sourceTree = "<group>"; };
		46C7CDEDBC8B40EB6B8A34E8 /* KHSegmented.podspec */ = {isa = PBXFileReference; includeInIndex = 1; lastKnownFileType = text; name = KHSegmented.podspec; path = ../KHSegmented.podspec; sourceTree = "<group>"; xcLanguageSpecificationIdentifier = xcode.lang.ruby; };
		607FACD01AFB9204008FA782 /* KHSegmented_Example.app */ = {isa = PBXFileReference; explicitFileType = wrapper.application; includeInIndex = 0; path = KHSegmented_Example.app; sourceTree = BUILT_PRODUCTS_DIR; };
		607FACD41AFB9204008FA782 /* Info.plist */ = {isa = PBXFileReference; lastKnownFileType = text.plist.xml; path = Info.plist; sourceTree = "<group>"; };
		607FACD51AFB9204008FA782 /* AppDelegate.swift */ = {isa = PBXFileReference; lastKnownFileType = sourcecode.swift; path = AppDelegate.swift; sourceTree = "<group>"; };
		607FACD71AFB9204008FA782 /* ViewController.swift */ = {isa = PBXFileReference; lastKnownFileType = sourcecode.swift; path = ViewController.swift; sourceTree = "<group>"; };
		607FACDA1AFB9204008FA782 /* Base */ = {isa = PBXFileReference; lastKnownFileType = file.storyboard; name = Base; path = Base.lproj/Main.storyboard; sourceTree = "<group>"; };
		607FACDC1AFB9204008FA782 /* Images.xcassets */ = {isa = PBXFileReference; lastKnownFileType = folder.assetcatalog; path = Images.xcassets; sourceTree = "<group>"; };
		607FACDF1AFB9204008FA782 /* Base */ = {isa = PBXFileReference; lastKnownFileType = file.xib; name = Base; path = Base.lproj/LaunchScreen.xib; sourceTree = "<group>"; };
		65B81357E70ECB838CE22154 /* Pods_KHSegmented_Example.framework */ = {isa = PBXFileReference; explicitFileType = wrapper.framework; includeInIndex = 0; path = Pods_KHSegmented_Example.framework; sourceTree = BUILT_PRODUCTS_DIR; };
		990A2A9F0494F0946664B5B0 /* Pods_KHSegmented_ExampleTests.framework */ = {isa = PBXFileReference; explicitFileType = wrapper.framework; includeInIndex = 0; path = Pods_KHSegmented_ExampleTests.framework; sourceTree = BUILT_PRODUCTS_DIR; };
		B8710CD3D0F5A616CDE170F9 /* Pods-KHSegmented_ExampleTests.debug.xcconfig */ = {isa = PBXFileReference; includeInIndex = 1; lastKnownFileType = text.xcconfig; name = "Pods-KHSegmented_ExampleTests.debug.xcconfig"; path = "Pods/Target Support Files/Pods-KHSegmented_ExampleTests/Pods-KHSegmented_ExampleTests.debug.xcconfig"; sourceTree = "<group>"; };
		BAB19BF01417F0673B5AC515 /* README.md */ = {isa = PBXFileReference; includeInIndex = 1; lastKnownFileType = net.daringfireball.markdown; name = README.md; path = ../README.md; sourceTree = "<group>"; };
		BEBFE5D921A161C200BD21AF /* TestTableViewController.swift */ = {isa = PBXFileReference; fileEncoding = 4; lastKnownFileType = sourcecode.swift; path = TestTableViewController.swift; sourceTree = "<group>"; };
		BEBFE5DF21A16EA300BD21AF /* KHSegmented_ExampleTests.xctest */ = {isa = PBXFileReference; explicitFileType = wrapper.cfbundle; includeInIndex = 0; path = KHSegmented_ExampleTests.xctest; sourceTree = BUILT_PRODUCTS_DIR; };
		BEBFE5E121A16EA300BD21AF /* KHSegmented_ExampleTests.swift */ = {isa = PBXFileReference; lastKnownFileType = sourcecode.swift; path = KHSegmented_ExampleTests.swift; sourceTree = "<group>"; };
		BEBFE5E321A16EA300BD21AF /* Info.plist */ = {isa = PBXFileReference; lastKnownFileType = text.plist.xml; path = Info.plist; sourceTree = "<group>"; };
/* End PBXFileReference section */

/* Begin PBXFrameworksBuildPhase section */
		607FACCD1AFB9204008FA782 /* Frameworks */ = {
			isa = PBXFrameworksBuildPhase;
			buildActionMask = 2147483647;
			files = (
				C86D722913B5C5C8DC4D5466 /* Pods_KHSegmented_Example.framework in Frameworks */,
			);
			runOnlyForDeploymentPostprocessing = 0;
		};
		BEBFE5DC21A16EA300BD21AF /* Frameworks */ = {
			isa = PBXFrameworksBuildPhase;
			buildActionMask = 2147483647;
			files = (
				7094FF757FEE62CF939A43F7 /* Pods_KHSegmented_ExampleTests.framework in Frameworks */,
			);
			runOnlyForDeploymentPostprocessing = 0;
		};
/* End PBXFrameworksBuildPhase section */

/* Begin PBXGroup section */
		607FACC71AFB9204008FA782 = {
			isa = PBXGroup;
			children = (
				607FACF51AFB993E008FA782 /* Podspec Metadata */,
				607FACD21AFB9204008FA782 /* Example for KHSegmented */,
				BEBFE5E021A16EA300BD21AF /* KHSegmented_ExampleTests */,
				607FACD11AFB9204008FA782 /* Products */,
				C3284E4DF8671089F3E94C39 /* Pods */,
				CD8ED7A99356C267FDB699B5 /* Frameworks */,
			);
			sourceTree = "<group>";
		};
		607FACD11AFB9204008FA782 /* Products */ = {
			isa = PBXGroup;
			children = (
				607FACD01AFB9204008FA782 /* KHSegmented_Example.app */,
				BEBFE5DF21A16EA300BD21AF /* KHSegmented_ExampleTests.xctest */,
			);
			name = Products;
			sourceTree = "<group>";
		};
		607FACD21AFB9204008FA782 /* Example for KHSegmented */ = {
			isa = PBXGroup;
			children = (
				607FACD51AFB9204008FA782 /* AppDelegate.swift */,
				607FACD71AFB9204008FA782 /* ViewController.swift */,
				BEBFE5D921A161C200BD21AF /* TestTableViewController.swift */,
				607FACD91AFB9204008FA782 /* Main.storyboard */,
				607FACDC1AFB9204008FA782 /* Images.xcassets */,
				607FACDE1AFB9204008FA782 /* LaunchScreen.xib */,
				607FACD31AFB9204008FA782 /* Supporting Files */,
			);
			name = "Example for KHSegmented";
			path = KHSegmented;
			sourceTree = "<group>";
		};
		607FACD31AFB9204008FA782 /* Supporting Files */ = {
			isa = PBXGroup;
			children = (
				607FACD41AFB9204008FA782 /* Info.plist */,
			);
			name = "Supporting Files";
			sourceTree = "<group>";
		};
		607FACF51AFB993E008FA782 /* Podspec Metadata */ = {
			isa = PBXGroup;
			children = (
				46C7CDEDBC8B40EB6B8A34E8 /* KHSegmented.podspec */,
				BAB19BF01417F0673B5AC515 /* README.md */,
				3E695EEAA93A1DAA6A2443CB /* LICENSE */,
			);
			name = "Podspec Metadata";
			sourceTree = "<group>";
		};
		BEBFE5E021A16EA300BD21AF /* KHSegmented_ExampleTests */ = {
			isa = PBXGroup;
			children = (
				BEBFE5E121A16EA300BD21AF /* KHSegmented_ExampleTests.swift */,
				BEBFE5E321A16EA300BD21AF /* Info.plist */,
			);
			path = KHSegmented_ExampleTests;
			sourceTree = "<group>";
		};
		C3284E4DF8671089F3E94C39 /* Pods */ = {
			isa = PBXGroup;
			children = (
				465720205BC1420A40EF773A /* Pods-KHSegmented_Example.debug.xcconfig */,
				40F3D04EAD59FAF05F0A6BC0 /* Pods-KHSegmented_Example.release.xcconfig */,
				B8710CD3D0F5A616CDE170F9 /* Pods-KHSegmented_ExampleTests.debug.xcconfig */,
				08AB2E5F3D2763821620891E /* Pods-KHSegmented_ExampleTests.release.xcconfig */,
			);
			name = Pods;
			sourceTree = "<group>";
		};
		CD8ED7A99356C267FDB699B5 /* Frameworks */ = {
			isa = PBXGroup;
			children = (
				65B81357E70ECB838CE22154 /* Pods_KHSegmented_Example.framework */,
				133926CBAF21672E27B837C9 /* Pods_KHSegmented_Tests.framework */,
				990A2A9F0494F0946664B5B0 /* Pods_KHSegmented_ExampleTests.framework */,
			);
			name = Frameworks;
			sourceTree = "<group>";
		};
/* End PBXGroup section */

/* Begin PBXNativeTarget section */
		607FACCF1AFB9204008FA782 /* KHSegmented_Example */ = {
			isa = PBXNativeTarget;
			buildConfigurationList = 607FACEF1AFB9204008FA782 /* Build configuration list for PBXNativeTarget "KHSegmented_Example" */;
			buildPhases = (
				3A894F5B815530EE8B3881D0 /* [CP] Check Pods Manifest.lock */,
				607FACCC1AFB9204008FA782 /* Sources */,
				607FACCD1AFB9204008FA782 /* Frameworks */,
				607FACCE1AFB9204008FA782 /* Resources */,
				7605CB06FC61F0C217370F3B /* [CP] Embed Pods Frameworks */,
			);
			buildRules = (
			);
			dependencies = (
			);
			name = KHSegmented_Example;
			productName = KHSegmented;
			productReference = 607FACD01AFB9204008FA782 /* KHSegmented_Example.app */;
			productType = "com.apple.product-type.application";
		};
		BEBFE5DE21A16EA300BD21AF /* KHSegmented_ExampleTests */ = {
			isa = PBXNativeTarget;
			buildConfigurationList = BEBFE5E621A16EA300BD21AF /* Build configuration list for PBXNativeTarget "KHSegmented_ExampleTests" */;
			buildPhases = (
				1D82685B60BDB23C8613A442 /* [CP] Check Pods Manifest.lock */,
				BEBFE5DB21A16EA300BD21AF /* Sources */,
				BEBFE5DC21A16EA300BD21AF /* Frameworks */,
				BEBFE5DD21A16EA300BD21AF /* Resources */,
			);
			buildRules = (
			);
			dependencies = (
				BEBFE5E521A16EA300BD21AF /* PBXTargetDependency */,
			);
			name = KHSegmented_ExampleTests;
			productName = KHSegmented_ExampleTests;
			productReference = BEBFE5DF21A16EA300BD21AF /* KHSegmented_ExampleTests.xctest */;
			productType = "com.apple.product-type.bundle.unit-test";
		};
/* End PBXNativeTarget section */

/* Begin PBXProject section */
		607FACC81AFB9204008FA782 /* Project object */ = {
			isa = PBXProject;
			attributes = {
				LastSwiftUpdateCheck = 1010;
				LastUpgradeCheck = 1010;
				ORGANIZATIONNAME = CocoaPods;
				TargetAttributes = {
					607FACCF1AFB9204008FA782 = {
						CreatedOnToolsVersion = 6.3.1;
						DevelopmentTeam = XQHD48BX3U;
						LastSwiftMigration = 0900;
					};
					BEBFE5DE21A16EA300BD21AF = {
						CreatedOnToolsVersion = 10.1;
						DevelopmentTeam = XQHD48BX3U;
						ProvisioningStyle = Automatic;
						TestTargetID = 607FACCF1AFB9204008FA782;
					};
				};
			};
			buildConfigurationList = 607FACCB1AFB9204008FA782 /* Build configuration list for PBXProject "KHSegmented" */;
			compatibilityVersion = "Xcode 3.2";
			developmentRegion = English;
			hasScannedForEncodings = 0;
			knownRegions = (
				en,
				Base,
			);
			mainGroup = 607FACC71AFB9204008FA782;
			productRefGroup = 607FACD11AFB9204008FA782 /* Products */;
			projectDirPath = "";
			projectRoot = "";
			targets = (
				607FACCF1AFB9204008FA782 /* KHSegmented_Example */,
				BEBFE5DE21A16EA300BD21AF /* KHSegmented_ExampleTests */,
			);
		};
/* End PBXProject section */

/* Begin PBXResourcesBuildPhase section */
		607FACCE1AFB9204008FA782 /* Resources */ = {
			isa = PBXResourcesBuildPhase;
			buildActionMask = 2147483647;
			files = (
				607FACDB1AFB9204008FA782 /* Main.storyboard in Resources */,
				607FACE01AFB9204008FA782 /* LaunchScreen.xib in Resources */,
				607FACDD1AFB9204008FA782 /* Images.xcassets in Resources */,
			);
			runOnlyForDeploymentPostprocessing = 0;
		};
		BEBFE5DD21A16EA300BD21AF /* Resources */ = {
			isa = PBXResourcesBuildPhase;
			buildActionMask = 2147483647;
			files = (
			);
			runOnlyForDeploymentPostprocessing = 0;
		};
/* End PBXResourcesBuildPhase section */

/* Begin PBXShellScriptBuildPhase section */
		1D82685B60BDB23C8613A442 /* [CP] Check Pods Manifest.lock */ = {
			isa = PBXShellScriptBuildPhase;
			buildActionMask = 2147483647;
			files = (
			);
			inputFileListPaths = (
			);
			inputPaths = (
				"${PODS_PODFILE_DIR_PATH}/Podfile.lock",
				"${PODS_ROOT}/Manifest.lock",
			);
			name = "[CP] Check Pods Manifest.lock";
			outputFileListPaths = (
			);
			outputPaths = (
				"$(DERIVED_FILE_DIR)/Pods-KHSegmented_ExampleTests-checkManifestLockResult.txt",
			);
			runOnlyForDeploymentPostprocessing = 0;
			shellPath = /bin/sh;
			shellScript = "diff \"${PODS_PODFILE_DIR_PATH}/Podfile.lock\" \"${PODS_ROOT}/Manifest.lock\" > /dev/null\nif [ $? != 0 ] ; then\n    # print error to STDERR\n    echo \"error: The sandbox is not in sync with the Podfile.lock. Run 'pod install' or update your CocoaPods installation.\" >&2\n    exit 1\nfi\n# This output is used by Xcode 'outputs' to avoid re-running this script phase.\necho \"SUCCESS\" > \"${SCRIPT_OUTPUT_FILE_0}\"\n";
			showEnvVarsInLog = 0;
		};
		3A894F5B815530EE8B3881D0 /* [CP] Check Pods Manifest.lock */ = {
			isa = PBXShellScriptBuildPhase;
			buildActionMask = 2147483647;
			files = (
			);
			inputFileListPaths = (
			);
			inputPaths = (
				"${PODS_PODFILE_DIR_PATH}/Podfile.lock",
				"${PODS_ROOT}/Manifest.lock",
			);
			name = "[CP] Check Pods Manifest.lock";
			outputFileListPaths = (
			);
			outputPaths = (
				"$(DERIVED_FILE_DIR)/Pods-KHSegmented_Example-checkManifestLockResult.txt",
			);
			runOnlyForDeploymentPostprocessing = 0;
			shellPath = /bin/sh;
			shellScript = "diff \"${PODS_PODFILE_DIR_PATH}/Podfile.lock\" \"${PODS_ROOT}/Manifest.lock\" > /dev/null\nif [ $? != 0 ] ; then\n    # print error to STDERR\n    echo \"error: The sandbox is not in sync with the Podfile.lock. Run 'pod install' or update your CocoaPods installation.\" >&2\n    exit 1\nfi\n# This output is used by Xcode 'outputs' to avoid re-running this script phase.\necho \"SUCCESS\" > \"${SCRIPT_OUTPUT_FILE_0}\"\n";
			showEnvVarsInLog = 0;
		};
		7605CB06FC61F0C217370F3B /* [CP] Embed Pods Frameworks */ = {
			isa = PBXShellScriptBuildPhase;
			buildActionMask = 2147483647;
			files = (
			);
			inputFileListPaths = (
			);
			inputPaths = (
				"${SRCROOT}/Pods/Target Support Files/Pods-KHSegmented_Example/Pods-KHSegmented_Example-frameworks.sh",
				"${BUILT_PRODUCTS_DIR}/KHSegmented/KHSegmented.framework",
			);
			name = "[CP] Embed Pods Frameworks";
			outputFileListPaths = (
			);
			outputPaths = (
				"${TARGET_BUILD_DIR}/${FRAMEWORKS_FOLDER_PATH}/KHSegmented.framework",
			);
			runOnlyForDeploymentPostprocessing = 0;
			shellPath = /bin/sh;
			shellScript = "\"${SRCROOT}/Pods/Target Support Files/Pods-KHSegmented_Example/Pods-KHSegmented_Example-frameworks.sh\"\n";
			showEnvVarsInLog = 0;
		};
/* End PBXShellScriptBuildPhase section */

/* Begin PBXSourcesBuildPhase section */
		607FACCC1AFB9204008FA782 /* Sources */ = {
			isa = PBXSourcesBuildPhase;
			buildActionMask = 2147483647;
			files = (
				607FACD81AFB9204008FA782 /* ViewController.swift in Sources */,
				607FACD61AFB9204008FA782 /* AppDelegate.swift in Sources */,
				BEBFE5DA21A161C200BD21AF /* TestTableViewController.swift in Sources */,
			);
			runOnlyForDeploymentPostprocessing = 0;
		};
		BEBFE5DB21A16EA300BD21AF /* Sources */ = {
			isa = PBXSourcesBuildPhase;
			buildActionMask = 2147483647;
			files = (
				BEBFE5E221A16EA300BD21AF /* KHSegmented_ExampleTests.swift in Sources */,
			);
			runOnlyForDeploymentPostprocessing = 0;
		};
/* End PBXSourcesBuildPhase section */

/* Begin PBXTargetDependency section */
		BEBFE5E521A16EA300BD21AF /* PBXTargetDependency */ = {
			isa = PBXTargetDependency;
			target = 607FACCF1AFB9204008FA782 /* KHSegmented_Example */;
			targetProxy = BEBFE5E421A16EA300BD21AF /* PBXContainerItemProxy */;
		};
/* End PBXTargetDependency section */

/* Begin PBXVariantGroup section */
		607FACD91AFB9204008FA782 /* Main.storyboard */ = {
			isa = PBXVariantGroup;
			children = (
				607FACDA1AFB9204008FA782 /* Base */,
			);
			name = Main.storyboard;
			sourceTree = "<group>";
		};
		607FACDE1AFB9204008FA782 /* LaunchScreen.xib */ = {
			isa = PBXVariantGroup;
			children = (
				607FACDF1AFB9204008FA782 /* Base */,
			);
			name = LaunchScreen.xib;
			sourceTree = "<group>";
		};
/* End PBXVariantGroup section */

/* Begin XCBuildConfiguration section */
		607FACED1AFB9204008FA782 /* Debug */ = {
			isa = XCBuildConfiguration;
			buildSettings = {
				ALWAYS_SEARCH_USER_PATHS = NO;
				CLANG_CXX_LANGUAGE_STANDARD = "gnu++0x";
				CLANG_CXX_LIBRARY = "libc++";
				CLANG_ENABLE_MODULES = YES;
				CLANG_ENABLE_OBJC_ARC = YES;
				CLANG_WARN_BLOCK_CAPTURE_AUTORELEASING = YES;
				CLANG_WARN_BOOL_CONVERSION = YES;
				CLANG_WARN_COMMA = YES;
				CLANG_WARN_CONSTANT_CONVERSION = YES;
				CLANG_WARN_DEPRECATED_OBJC_IMPLEMENTATIONS = YES;
				CLANG_WARN_DIRECT_OBJC_ISA_USAGE = YES_ERROR;
				CLANG_WARN_EMPTY_BODY = YES;
				CLANG_WARN_ENUM_CONVERSION = YES;
				CLANG_WARN_INFINITE_RECURSION = YES;
				CLANG_WARN_INT_CONVERSION = YES;
				CLANG_WARN_NON_LITERAL_NULL_CONVERSION = YES;
				CLANG_WARN_OBJC_IMPLICIT_RETAIN_SELF = YES;
				CLANG_WARN_OBJC_LITERAL_CONVERSION = YES;
				CLANG_WARN_OBJC_ROOT_CLASS = YES_ERROR;
				CLANG_WARN_RANGE_LOOP_ANALYSIS = YES;
				CLANG_WARN_STRICT_PROTOTYPES = YES;
				CLANG_WARN_SUSPICIOUS_MOVE = YES;
				CLANG_WARN_UNREACHABLE_CODE = YES;
				CLANG_WARN__DUPLICATE_METHOD_MATCH = YES;
				"CODE_SIGN_IDENTITY[sdk=iphoneos*]" = "iPhone Developer";
				COPY_PHASE_STRIP = NO;
				DEBUG_INFORMATION_FORMAT = "dwarf-with-dsym";
				ENABLE_STRICT_OBJC_MSGSEND = YES;
				ENABLE_TESTABILITY = YES;
				GCC_C_LANGUAGE_STANDARD = gnu99;
				GCC_DYNAMIC_NO_PIC = NO;
				GCC_NO_COMMON_BLOCKS = YES;
				GCC_OPTIMIZATION_LEVEL = 0;
				GCC_PREPROCESSOR_DEFINITIONS = (
					"DEBUG=1",
					"$(inherited)",
				);
				GCC_SYMBOLS_PRIVATE_EXTERN = NO;
				GCC_WARN_64_TO_32_BIT_CONVERSION = YES;
				GCC_WARN_ABOUT_RETURN_TYPE = YES_ERROR;
				GCC_WARN_UNDECLARED_SELECTOR = YES;
				GCC_WARN_UNINITIALIZED_AUTOS = YES_AGGRESSIVE;
				GCC_WARN_UNUSED_FUNCTION = YES;
				GCC_WARN_UNUSED_VARIABLE = YES;
				IPHONEOS_DEPLOYMENT_TARGET = 9.3;
				MTL_ENABLE_DEBUG_INFO = YES;
				ONLY_ACTIVE_ARCH = YES;
				SDKROOT = iphoneos;
				SWIFT_OPTIMIZATION_LEVEL = "-Onone";
			};
			name = Debug;
		};
		607FACEE1AFB9204008FA782 /* Release */ = {
			isa = XCBuildConfiguration;
			buildSettings = {
				ALWAYS_SEARCH_USER_PATHS = NO;
				CLANG_CXX_LANGUAGE_STANDARD = "gnu++0x";
				CLANG_CXX_LIBRARY = "libc++";
				CLANG_ENABLE_MODULES = YES;
				CLANG_ENABLE_OBJC_ARC = YES;
				CLANG_WARN_BLOCK_CAPTURE_AUTORELEASING = YES;
				CLANG_WARN_BOOL_CONVERSION = YES;
				CLANG_WARN_COMMA = YES;
				CLANG_WARN_CONSTANT_CONVERSION = YES;
				CLANG_WARN_DEPRECATED_OBJC_IMPLEMENTATIONS = YES;
				CLANG_WARN_DIRECT_OBJC_ISA_USAGE = YES_ERROR;
				CLANG_WARN_EMPTY_BODY = YES;
				CLANG_WARN_ENUM_CONVERSION = YES;
				CLANG_WARN_INFINITE_RECURSION = YES;
				CLANG_WARN_INT_CONVERSION = YES;
				CLANG_WARN_NON_LITERAL_NULL_CONVERSION = YES;
				CLANG_WARN_OBJC_IMPLICIT_RETAIN_SELF = YES;
				CLANG_WARN_OBJC_LITERAL_CONVERSION = YES;
				CLANG_WARN_OBJC_ROOT_CLASS = YES_ERROR;
				CLANG_WARN_RANGE_LOOP_ANALYSIS = YES;
				CLANG_WARN_STRICT_PROTOTYPES = YES;
				CLANG_WARN_SUSPICIOUS_MOVE = YES;
				CLANG_WARN_UNREACHABLE_CODE = YES;
				CLANG_WARN__DUPLICATE_METHOD_MATCH = YES;
				"CODE_SIGN_IDENTITY[sdk=iphoneos*]" = "iPhone Developer";
				COPY_PHASE_STRIP = NO;
				DEBUG_INFORMATION_FORMAT = "dwarf-with-dsym";
				ENABLE_NS_ASSERTIONS = NO;
				ENABLE_STRICT_OBJC_MSGSEND = YES;
				GCC_C_LANGUAGE_STANDARD = gnu99;
				GCC_NO_COMMON_BLOCKS = YES;
				GCC_WARN_64_TO_32_BIT_CONVERSION = YES;
				GCC_WARN_ABOUT_RETURN_TYPE = YES_ERROR;
				GCC_WARN_UNDECLARED_SELECTOR = YES;
				GCC_WARN_UNINITIALIZED_AUTOS = YES_AGGRESSIVE;
				GCC_WARN_UNUSED_FUNCTION = YES;
				GCC_WARN_UNUSED_VARIABLE = YES;
				IPHONEOS_DEPLOYMENT_TARGET = 9.3;
				MTL_ENABLE_DEBUG_INFO = NO;
				SDKROOT = iphoneos;
				SWIFT_OPTIMIZATION_LEVEL = "-Owholemodule";
				VALIDATE_PRODUCT = YES;
			};
			name = Release;
		};
		607FACF01AFB9204008FA782 /* Debug */ = {
			isa = XCBuildConfiguration;
			baseConfigurationReference = 465720205BC1420A40EF773A /* Pods-KHSegmented_Example.debug.xcconfig */;
			buildSettings = {
				ASSETCATALOG_COMPILER_APPICON_NAME = AppIcon;
				DEVELOPMENT_TEAM = XQHD48BX3U;
				INFOPLIST_FILE = KHSegmented/Info.plist;
				IPHONEOS_DEPLOYMENT_TARGET = 11.0;
				LD_RUNPATH_SEARCH_PATHS = "$(inherited) @executable_path/Frameworks";
				MODULE_NAME = ExampleApp;
				PRODUCT_BUNDLE_IDENTIFIER = "org.cocoapods.demo.$(PRODUCT_NAME:rfc1034identifier)";
				PRODUCT_NAME = "$(TARGET_NAME)";
				SWIFT_SWIFT3_OBJC_INFERENCE = Default;
				SWIFT_VERSION = 4.0;
			};
			name = Debug;
		};
		607FACF11AFB9204008FA782 /* Release */ = {
			isa = XCBuildConfiguration;
			baseConfigurationReference = 40F3D04EAD59FAF05F0A6BC0 /* Pods-KHSegmented_Example.release.xcconfig */;
			buildSettings = {
				ASSETCATALOG_COMPILER_APPICON_NAME = AppIcon;
				DEVELOPMENT_TEAM = XQHD48BX3U;
				INFOPLIST_FILE = KHSegmented/Info.plist;
				IPHONEOS_DEPLOYMENT_TARGET = 11.0;
				LD_RUNPATH_SEARCH_PATHS = "$(inherited) @executable_path/Frameworks";
				MODULE_NAME = ExampleApp;
				PRODUCT_BUNDLE_IDENTIFIER = "org.cocoapods.demo.$(PRODUCT_NAME:rfc1034identifier)";
				PRODUCT_NAME = "$(TARGET_NAME)";
				SWIFT_SWIFT3_OBJC_INFERENCE = Default;
				SWIFT_VERSION = 4.0;
			};
			name = Release;
		};
		BEBFE5E721A16EA300BD21AF /* Debug */ = {
			isa = XCBuildConfiguration;
			baseConfigurationReference = B8710CD3D0F5A616CDE170F9 /* Pods-KHSegmented_ExampleTests.debug.xcconfig */;
			buildSettings = {
				BUNDLE_LOADER = "$(TEST_HOST)";
				CLANG_ANALYZER_NONNULL = YES;
				CLANG_ANALYZER_NUMBER_OBJECT_CONVERSION = YES_AGGRESSIVE;
				CLANG_CXX_LANGUAGE_STANDARD = "gnu++14";
				CLANG_ENABLE_OBJC_WEAK = YES;
				CLANG_WARN_DOCUMENTATION_COMMENTS = YES;
				CLANG_WARN_UNGUARDED_AVAILABILITY = YES_AGGRESSIVE;
				CODE_SIGN_IDENTITY = "iPhone Developer";
				CODE_SIGN_STYLE = Automatic;
				DEBUG_INFORMATION_FORMAT = dwarf;
				DEVELOPMENT_TEAM = XQHD48BX3U;
				GCC_C_LANGUAGE_STANDARD = gnu11;
				INFOPLIST_FILE = KHSegmented_ExampleTests/Info.plist;
				IPHONEOS_DEPLOYMENT_TARGET = 12.1;
				LD_RUNPATH_SEARCH_PATHS = "$(inherited) @executable_path/Frameworks @loader_path/Frameworks";
				MTL_ENABLE_DEBUG_INFO = INCLUDE_SOURCE;
				MTL_FAST_MATH = YES;
				PRODUCT_BUNDLE_IDENTIFIER = "com.kmhwang.KHSegmented-ExampleTests";
				PRODUCT_NAME = "$(TARGET_NAME)";
				SWIFT_ACTIVE_COMPILATION_CONDITIONS = DEBUG;
				SWIFT_VERSION = 4.2;
				TARGETED_DEVICE_FAMILY = "1,2";
				TEST_HOST = "$(BUILT_PRODUCTS_DIR)/KHSegmented_Example.app/KHSegmented_Example";
			};
			name = Debug;
		};
		BEBFE5E821A16EA300BD21AF /* Release */ = {
			isa = XCBuildConfiguration;
			baseConfigurationReference = 08AB2E5F3D2763821620891E /* Pods-KHSegmented_ExampleTests.release.xcconfig */;
			buildSettings = {
				BUNDLE_LOADER = "$(TEST_HOST)";
				CLANG_ANALYZER_NONNULL = YES;
				CLANG_ANALYZER_NUMBER_OBJECT_CONVERSION = YES_AGGRESSIVE;
				CLANG_CXX_LANGUAGE_STANDARD = "gnu++14";
				CLANG_ENABLE_OBJC_WEAK = YES;
				CLANG_WARN_DOCUMENTATION_COMMENTS = YES;
				CLANG_WARN_UNGUARDED_AVAILABILITY = YES_AGGRESSIVE;
				CODE_SIGN_IDENTITY = "iPhone Developer";
				CODE_SIGN_STYLE = Automatic;
				DEVELOPMENT_TEAM = XQHD48BX3U;
				GCC_C_LANGUAGE_STANDARD = gnu11;
				INFOPLIST_FILE = KHSegmented_ExampleTests/Info.plist;
				IPHONEOS_DEPLOYMENT_TARGET = 12.1;
				LD_RUNPATH_SEARCH_PATHS = "$(inherited) @executable_path/Frameworks @loader_path/Frameworks";
				MTL_FAST_MATH = YES;
				PRODUCT_BUNDLE_IDENTIFIER = "com.kmhwang.KHSegmented-ExampleTests";
				PRODUCT_NAME = "$(TARGET_NAME)";
				SWIFT_VERSION = 4.2;
				TARGETED_DEVICE_FAMILY = "1,2";
				TEST_HOST = "$(BUILT_PRODUCTS_DIR)/KHSegmented_Example.app/KHSegmented_Example";
			};
			name = Release;
		};
/* End XCBuildConfiguration section */

/* Begin XCConfigurationList section */
		607FACCB1AFB9204008FA782 /* Build configuration list for PBXProject "KHSegmented" */ = {
			isa = XCConfigurationList;
			buildConfigurations = (
				607FACED1AFB9204008FA782 /* Debug */,
				607FACEE1AFB9204008FA782 /* Release */,
			);
			defaultConfigurationIsVisible = 0;
			defaultConfigurationName = Release;
		};
		607FACEF1AFB9204008FA782 /* Build configuration list for PBXNativeTarget "KHSegmented_Example" */ = {
			isa = XCConfigurationList;
			buildConfigurations = (
				607FACF01AFB9204008FA782 /* Debug */,
				607FACF11AFB9204008FA782 /* Release */,
			);
			defaultConfigurationIsVisible = 0;
			defaultConfigurationName = Release;
		};
		BEBFE5E621A16EA300BD21AF /* Build configuration list for PBXNativeTarget "KHSegmented_ExampleTests" */ = {
			isa = XCConfigurationList;
			buildConfigurations = (
				BEBFE5E721A16EA300BD21AF /* Debug */,
				BEBFE5E821A16EA300BD21AF /* Release */,
			);
			defaultConfigurationIsVisible = 0;
			defaultConfigurationName = Release;
		};
/* End XCConfigurationList section */
	};
	rootObject = 607FACC81AFB9204008FA782 /* Project object */;
}
